
Microsoft Visual Studio Solution File, Format Version 12.00
# Visual Studio 15
VisualStudioVersion = 15.0.26124.0
MinimumVisualStudioVersion = 15.0.26124.0
Project("{F2A71F9B-5D33-465A-A702-920D77279786}") = "NCoreUtils.IO.Abstractions", "NCoreUtils.IO.Abstractions\NCoreUtils.IO.Abstractions.fsproj", "{74250551-77A4-41ED-A069-6906816971CF}"
EndProject
Project("{F2A71F9B-5D33-465A-A702-920D77279786}") = "NCoreUtils.IO", "NCoreUtils.IO\NCoreUtils.IO.fsproj", "{509783EF-2759-4AAC-9255-FF611B43F691}"
EndProject
Global
	GlobalSection(SolutionConfigurationPlatforms) = preSolution
		Debug|Any CPU = Debug|Any CPU
		Debug|x64 = Debug|x64
		Debug|x86 = Debug|x86
		Release|Any CPU = Release|Any CPU
		Release|x64 = Release|x64
		Release|x86 = Release|x86
	EndGlobalSection
	GlobalSection(SolutionProperties) = preSolution
		HideSolutionNode = FALSE
	EndGlobalSection
	GlobalSection(ProjectConfigurationPlatforms) = postSolution
		{74250551-77A4-41ED-A069-6906816971CF}.Debug|Any CPU.ActiveCfg = Debug|Any CPU
		{74250551-77A4-41ED-A069-6906816971CF}.Debug|Any CPU.Build.0 = Debug|Any CPU
		{74250551-77A4-41ED-A069-6906816971CF}.Debug|x64.ActiveCfg = Debug|Any CPU
		{74250551-77A4-41ED-A069-6906816971CF}.Debug|x64.Build.0 = Debug|Any CPU
		{74250551-77A4-41ED-A069-6906816971CF}.Debug|x86.ActiveCfg = Debug|Any CPU
		{74250551-77A4-41ED-A069-6906816971CF}.Debug|x86.Build.0 = Debug|Any CPU
		{74250551-77A4-41ED-A069-6906816971CF}.Release|Any CPU.ActiveCfg = Release|Any CPU
		{74250551-77A4-41ED-A069-6906816971CF}.Release|Any CPU.Build.0 = Release|Any CPU
		{74250551-77A4-41ED-A069-6906816971CF}.Release|x64.ActiveCfg = Release|Any CPU
		{74250551-77A4-41ED-A069-6906816971CF}.Release|x64.Build.0 = Release|Any CPU
		{74250551-77A4-41ED-A069-6906816971CF}.Release|x86.ActiveCfg = Release|Any CPU
		{74250551-77A4-41ED-A069-6906816971CF}.Release|x86.Build.0 = Release|Any CPU
		{509783EF-2759-4AAC-9255-FF611B43F691}.Debug|Any CPU.ActiveCfg = Debug|Any CPU
		{509783EF-2759-4AAC-9255-FF611B43F691}.Debug|Any CPU.Build.0 = Debug|Any CPU
		{509783EF-2759-4AAC-9255-FF611B43F691}.Debug|x64.ActiveCfg = Debug|Any CPU
		{509783EF-2759-4AAC-9255-FF611B43F691}.Debug|x64.Build.0 = Debug|Any CPU
		{509783EF-2759-4AAC-9255-FF611B43F691}.Debug|x86.ActiveCfg = Debug|Any CPU
		{509783EF-2759-4AAC-9255-FF611B43F691}.Debug|x86.Build.0 = Debug|Any CPU
		{509783EF-2759-4AAC-9255-FF611B43F691}.Release|Any CPU.ActiveCfg = Release|Any CPU
		{509783EF-2759-4AAC-9255-FF611B43F691}.Release|Any CPU.Build.0 = Release|Any CPU
		{509783EF-2759-4AAC-9255-FF611B43F691}.Release|x64.ActiveCfg = Release|Any CPU
		{509783EF-2759-4AAC-9255-FF611B43F691}.Release|x64.Build.0 = Release|Any CPU
		{509783EF-2759-4AAC-9255-FF611B43F691}.Release|x86.ActiveCfg = Release|Any CPU
		{509783EF-2759-4AAC-9255-FF611B43F691}.Release|x86.Build.0 = Release|Any CPU
	EndGlobalSection
EndGlobal
