
Microsoft Visual Studio Solution File, Format Version 12.00
# Visual Studio 15
VisualStudioVersion = 15.0.26124.0
MinimumVisualStudioVersion = 15.0.26124.0
Project("{FAE04EC0-301F-11D3-BF4B-00C04F79EFBC}") = "NCoreUtils.IO.Abstractions", "NCoreUtils.IO.Abstractions\NCoreUtils.IO.Abstractions.csproj", "{CBA88727-FDAB-4B92-B353-93E702B07DA5}"
EndProject
Project("{FAE04EC0-301F-11D3-BF4B-00C04F79EFBC}") = "NCoreUtils.IO", "NCoreUtils.IO\NCoreUtils.IO.csproj", "{FC97AEBB-0435-4B65-98FC-9FD1A1A00DA1}"
EndProject
Project("{FAE04EC0-301F-11D3-BF4B-00C04F79EFBC}") = "NCoreUtils.IO.Unit", "NCoreUtils.IO.Unit\NCoreUtils.IO.Unit.csproj", "{DF91918D-44F7-48B8-8272-7EF45CF5F82C}"
EndProject
Project("{FAE04EC0-301F-11D3-BF4B-00C04F79EFBC}") = "NCoreUtils.IO.Json", "NCoreUtils.IO.Json\NCoreUtils.IO.Json.csproj", "{2E9DE587-3125-44BA-8225-CB2CC5815825}"
EndProject
Global
	GlobalSection(SolutionConfigurationPlatforms) = preSolution
		Debug|Any CPU = Debug|Any CPU
		Debug|x64 = Debug|x64
		Debug|x86 = Debug|x86
		Release|Any CPU = Release|Any CPU
		Release|x64 = Release|x64
		Release|x86 = Release|x86
	EndGlobalSection
	GlobalSection(SolutionProperties) = preSolution
		HideSolutionNode = FALSE
	EndGlobalSection
	GlobalSection(ProjectConfigurationPlatforms) = postSolution
		{CBA88727-FDAB-4B92-B353-93E702B07DA5}.Debug|Any CPU.ActiveCfg = Debug|Any CPU
		{CBA88727-FDAB-4B92-B353-93E702B07DA5}.Debug|Any CPU.Build.0 = Debug|Any CPU
		{CBA88727-FDAB-4B92-B353-93E702B07DA5}.Debug|x64.ActiveCfg = Debug|Any CPU
		{CBA88727-FDAB-4B92-B353-93E702B07DA5}.Debug|x64.Build.0 = Debug|Any CPU
		{CBA88727-FDAB-4B92-B353-93E702B07DA5}.Debug|x86.ActiveCfg = Debug|Any CPU
		{CBA88727-FDAB-4B92-B353-93E702B07DA5}.Debug|x86.Build.0 = Debug|Any CPU
		{CBA88727-FDAB-4B92-B353-93E702B07DA5}.Release|Any CPU.ActiveCfg = Release|Any CPU
		{CBA88727-FDAB-4B92-B353-93E702B07DA5}.Release|Any CPU.Build.0 = Release|Any CPU
		{CBA88727-FDAB-4B92-B353-93E702B07DA5}.Release|x64.ActiveCfg = Release|Any CPU
		{CBA88727-FDAB-4B92-B353-93E702B07DA5}.Release|x64.Build.0 = Release|Any CPU
		{CBA88727-FDAB-4B92-B353-93E702B07DA5}.Release|x86.ActiveCfg = Release|Any CPU
		{CBA88727-FDAB-4B92-B353-93E702B07DA5}.Release|x86.Build.0 = Release|Any CPU
		{FC97AEBB-0435-4B65-98FC-9FD1A1A00DA1}.Debug|Any CPU.ActiveCfg = Debug|Any CPU
		{FC97AEBB-0435-4B65-98FC-9FD1A1A00DA1}.Debug|Any CPU.Build.0 = Debug|Any CPU
		{FC97AEBB-0435-4B65-98FC-9FD1A1A00DA1}.Debug|x64.ActiveCfg = Debug|Any CPU
		{FC97AEBB-0435-4B65-98FC-9FD1A1A00DA1}.Debug|x64.Build.0 = Debug|Any CPU
		{FC97AEBB-0435-4B65-98FC-9FD1A1A00DA1}.Debug|x86.ActiveCfg = Debug|Any CPU
		{FC97AEBB-0435-4B65-98FC-9FD1A1A00DA1}.Debug|x86.Build.0 = Debug|Any CPU
		{FC97AEBB-0435-4B65-98FC-9FD1A1A00DA1}.Release|Any CPU.ActiveCfg = Release|Any CPU
		{FC97AEBB-0435-4B65-98FC-9FD1A1A00DA1}.Release|Any CPU.Build.0 = Release|Any CPU
		{FC97AEBB-0435-4B65-98FC-9FD1A1A00DA1}.Release|x64.ActiveCfg = Release|Any CPU
		{FC97AEBB-0435-4B65-98FC-9FD1A1A00DA1}.Release|x64.Build.0 = Release|Any CPU
		{FC97AEBB-0435-4B65-98FC-9FD1A1A00DA1}.Release|x86.ActiveCfg = Release|Any CPU
		{FC97AEBB-0435-4B65-98FC-9FD1A1A00DA1}.Release|x86.Build.0 = Release|Any CPU
		{DF91918D-44F7-48B8-8272-7EF45CF5F82C}.Debug|Any CPU.ActiveCfg = Debug|Any CPU
		{DF91918D-44F7-48B8-8272-7EF45CF5F82C}.Debug|Any CPU.Build.0 = Debug|Any CPU
		{DF91918D-44F7-48B8-8272-7EF45CF5F82C}.Debug|x64.ActiveCfg = Debug|Any CPU
		{DF91918D-44F7-48B8-8272-7EF45CF5F82C}.Debug|x64.Build.0 = Debug|Any CPU
		{DF91918D-44F7-48B8-8272-7EF45CF5F82C}.Debug|x86.ActiveCfg = Debug|Any CPU
		{DF91918D-44F7-48B8-8272-7EF45CF5F82C}.Debug|x86.Build.0 = Debug|Any CPU
		{DF91918D-44F7-48B8-8272-7EF45CF5F82C}.Release|Any CPU.ActiveCfg = Release|Any CPU
		{DF91918D-44F7-48B8-8272-7EF45CF5F82C}.Release|Any CPU.Build.0 = Release|Any CPU
		{DF91918D-44F7-48B8-8272-7EF45CF5F82C}.Release|x64.ActiveCfg = Release|Any CPU
		{DF91918D-44F7-48B8-8272-7EF45CF5F82C}.Release|x64.Build.0 = Release|Any CPU
		{DF91918D-44F7-48B8-8272-7EF45CF5F82C}.Release|x86.ActiveCfg = Release|Any CPU
		{DF91918D-44F7-48B8-8272-7EF45CF5F82C}.Release|x86.Build.0 = Release|Any CPU
		{2E9DE587-3125-44BA-8225-CB2CC5815825}.Debug|Any CPU.ActiveCfg = Debug|Any CPU
		{2E9DE587-3125-44BA-8225-CB2CC5815825}.Debug|Any CPU.Build.0 = Debug|Any CPU
		{2E9DE587-3125-44BA-8225-CB2CC5815825}.Debug|x64.ActiveCfg = Debug|Any CPU
		{2E9DE587-3125-44BA-8225-CB2CC5815825}.Debug|x64.Build.0 = Debug|Any CPU
		{2E9DE587-3125-44BA-8225-CB2CC5815825}.Debug|x86.ActiveCfg = Debug|Any CPU
		{2E9DE587-3125-44BA-8225-CB2CC5815825}.Debug|x86.Build.0 = Debug|Any CPU
		{2E9DE587-3125-44BA-8225-CB2CC5815825}.Release|Any CPU.ActiveCfg = Release|Any CPU
		{2E9DE587-3125-44BA-8225-CB2CC5815825}.Release|Any CPU.Build.0 = Release|Any CPU
		{2E9DE587-3125-44BA-8225-CB2CC5815825}.Release|x64.ActiveCfg = Release|Any CPU
		{2E9DE587-3125-44BA-8225-CB2CC5815825}.Release|x64.Build.0 = Release|Any CPU
		{2E9DE587-3125-44BA-8225-CB2CC5815825}.Release|x86.ActiveCfg = Release|Any CPU
		{2E9DE587-3125-44BA-8225-CB2CC5815825}.Release|x86.Build.0 = Release|Any CPU
	EndGlobalSection
EndGlobal
